
Microsoft Visual Studio Solution File, Format Version 12.00
# Visual Studio Version 17
VisualStudioVersion = 17.4.33213.308
MinimumVisualStudioVersion = 10.0.40219.1
Project("{FAE04EC0-301F-11D3-BF4B-00C04F79EFBC}") = "ConsoleRPG", "ConsoleRPG\ConsoleRPG.csproj", "{BFE9DFDA-9A57-4D0E-87B7-1FBC1DD0E0E7}"
EndProject
Global
	GlobalSection(SolutionConfigurationPlatforms) = preSolution
		Debug|Any CPU = Debug|Any CPU
		Release|Any CPU = Release|Any CPU
	EndGlobalSection
	GlobalSection(ProjectConfigurationPlatforms) = postSolution
		{BFE9DFDA-9A57-4D0E-87B7-1FBC1DD0E0E7}.Debug|Any CPU.ActiveCfg = Debug|Any CPU
		{BFE9DFDA-9A57-4D0E-87B7-1FBC1DD0E0E7}.Debug|Any CPU.Build.0 = Debug|Any CPU
		{BFE9DFDA-9A57-4D0E-87B7-1FBC1DD0E0E7}.Release|Any CPU.ActiveCfg = Release|Any CPU
		{BFE9DFDA-9A57-4D0E-87B7-1FBC1DD0E0E7}.Release|Any CPU.Build.0 = Release|Any CPU
	EndGlobalSection
	GlobalSection(SolutionProperties) = preSolution
		HideSolutionNode = FALSE
	EndGlobalSection
	GlobalSection(ExtensibilityGlobals) = postSolution
		SolutionGuid = {342EA7C3-1A2C-4EAC-B537-CC9BA5029F62}
	EndGlobalSection
EndGlobal
